
Microsoft Visual Studio Solution File, Format Version 12.00
# Visual Studio 14
VisualStudioVersion = 14.0.25420.1
MinimumVisualStudioVersion = 10.0.40219.1
Project("{FAE04EC0-301F-11D3-BF4B-00C04F79EFBC}") = "NewsFetcher", "NewsFetcher\NewsFetcher.csproj", "{DDA8F1D9-42C6-4AFA-92AA-DA540EF58388}"
EndProject
Project("{FAE04EC0-301F-11D3-BF4B-00C04F79EFBC}") = "Common", "Common\Common.csproj", "{1CD21C97-B3D2-42A7-8D41-D917CA5FD92C}"
EndProject
Project("{FAE04EC0-301F-11D3-BF4B-00C04F79EFBC}") = "Website", "Website\Website.csproj", "{C4E53EF7-129D-4E99-8094-5113B7D28819}"
EndProject
Global
	GlobalSection(SolutionConfigurationPlatforms) = preSolution
		Debug|Any CPU = Debug|Any CPU
		Release|Any CPU = Release|Any CPU
	EndGlobalSection
	GlobalSection(ProjectConfigurationPlatforms) = postSolution
		{DDA8F1D9-42C6-4AFA-92AA-DA540EF58388}.Debug|Any CPU.ActiveCfg = Debug|Any CPU
		{DDA8F1D9-42C6-4AFA-92AA-DA540EF58388}.Debug|Any CPU.Build.0 = Debug|Any CPU
		{DDA8F1D9-42C6-4AFA-92AA-DA540EF58388}.Release|Any CPU.ActiveCfg = Release|Any CPU
		{DDA8F1D9-42C6-4AFA-92AA-DA540EF58388}.Release|Any CPU.Build.0 = Release|Any CPU
		{1CD21C97-B3D2-42A7-8D41-D917CA5FD92C}.Debug|Any CPU.ActiveCfg = Debug|Any CPU
		{1CD21C97-B3D2-42A7-8D41-D917CA5FD92C}.Debug|Any CPU.Build.0 = Debug|Any CPU
		{1CD21C97-B3D2-42A7-8D41-D917CA5FD92C}.Release|Any CPU.ActiveCfg = Release|Any CPU
		{1CD21C97-B3D2-42A7-8D41-D917CA5FD92C}.Release|Any CPU.Build.0 = Release|Any CPU
		{C4E53EF7-129D-4E99-8094-5113B7D28819}.Debug|Any CPU.ActiveCfg = Debug|Any CPU
		{C4E53EF7-129D-4E99-8094-5113B7D28819}.Debug|Any CPU.Build.0 = Debug|Any CPU
		{C4E53EF7-129D-4E99-8094-5113B7D28819}.Release|Any CPU.ActiveCfg = Release|Any CPU
		{C4E53EF7-129D-4E99-8094-5113B7D28819}.Release|Any CPU.Build.0 = Release|Any CPU
	EndGlobalSection
	GlobalSection(SolutionProperties) = preSolution
		HideSolutionNode = FALSE
	EndGlobalSection
EndGlobal
